
Microsoft Visual Studio Solution File, Format Version 12.00
# Visual Studio 15
VisualStudioVersion = 15.0.27130.2036
MinimumVisualStudioVersion = 10.0.40219.1
Project("{FAE04EC0-301F-11D3-BF4B-00C04F79EFBC}") = "Crypto.Utils", "Crypto.Utils\Crypto.Utils.csproj", "{3AA9D52F-3645-4958-A3C0-83F920923C17}"
EndProject
Project("{FAE04EC0-301F-11D3-BF4B-00C04F79EFBC}") = "Crypto.Convert", "Crypto.Convert\Crypto.Convert.csproj", "{01C33B4C-0F29-4B60-B909-A8E60ECF5E94}"
EndProject
Project("{FAE04EC0-301F-11D3-BF4B-00C04F79EFBC}") = "Crypto.Convert.Tests", "Crypto.Convert.Tests\Crypto.Convert.Tests.csproj", "{BBC666B7-404A-4DE3-A2A9-C5669F1345F3}"
EndProject
Global
	GlobalSection(SolutionConfigurationPlatforms) = preSolution
		Debug|Any CPU = Debug|Any CPU
		Release|Any CPU = Release|Any CPU
	EndGlobalSection
	GlobalSection(ProjectConfigurationPlatforms) = postSolution
		{3AA9D52F-3645-4958-A3C0-83F920923C17}.Debug|Any CPU.ActiveCfg = Debug|Any CPU
		{3AA9D52F-3645-4958-A3C0-83F920923C17}.Debug|Any CPU.Build.0 = Debug|Any CPU
		{3AA9D52F-3645-4958-A3C0-83F920923C17}.Release|Any CPU.ActiveCfg = Release|Any CPU
		{3AA9D52F-3645-4958-A3C0-83F920923C17}.Release|Any CPU.Build.0 = Release|Any CPU
		{01C33B4C-0F29-4B60-B909-A8E60ECF5E94}.Debug|Any CPU.ActiveCfg = Debug|Any CPU
		{01C33B4C-0F29-4B60-B909-A8E60ECF5E94}.Debug|Any CPU.Build.0 = Debug|Any CPU
		{01C33B4C-0F29-4B60-B909-A8E60ECF5E94}.Release|Any CPU.ActiveCfg = Release|Any CPU
		{01C33B4C-0F29-4B60-B909-A8E60ECF5E94}.Release|Any CPU.Build.0 = Release|Any CPU
		{BBC666B7-404A-4DE3-A2A9-C5669F1345F3}.Debug|Any CPU.ActiveCfg = Debug|Any CPU
		{BBC666B7-404A-4DE3-A2A9-C5669F1345F3}.Debug|Any CPU.Build.0 = Debug|Any CPU
		{BBC666B7-404A-4DE3-A2A9-C5669F1345F3}.Release|Any CPU.ActiveCfg = Release|Any CPU
		{BBC666B7-404A-4DE3-A2A9-C5669F1345F3}.Release|Any CPU.Build.0 = Release|Any CPU
	EndGlobalSection
	GlobalSection(SolutionProperties) = preSolution
		HideSolutionNode = FALSE
	EndGlobalSection
	GlobalSection(ExtensibilityGlobals) = postSolution
		SolutionGuid = {FA56F87C-6A41-48D5-8BFE-6970601CE82A}
	EndGlobalSection
EndGlobal
